
Microsoft Visual Studio Solution File, Format Version 12.00
# Visual Studio Version 16
VisualStudioVersion = 16.0.30709.64
MinimumVisualStudioVersion = 15.0.26124.0
Project("{2150E333-8FDC-42A3-9474-1A3956D46DE8}") = "Solution Items", "Solution Items", "{EDFC3143-A283-4150-929A-A8D883A2AD86}"
	ProjectSection(SolutionItems) = preProject
		Clean.bat = Clean.bat
		Directory.Build.props = Directory.Build.props
	EndProjectSection
EndProject
Project("{9A19103F-16F7-4668-BE54-9A1E7A4F7556}") = "GraphQL.Tools", "GraphQL.Tools\GraphQL.Tools.csproj", "{B27A35F0-D361-4F0E-95B1-19586FCB6BE8}"
EndProject
Global
	GlobalSection(SolutionConfigurationPlatforms) = preSolution
		Debug|Any CPU = Debug|Any CPU
		Release|Any CPU = Release|Any CPU
	EndGlobalSection
	GlobalSection(ProjectConfigurationPlatforms) = postSolution
		{B27A35F0-D361-4F0E-95B1-19586FCB6BE8}.Debug|Any CPU.ActiveCfg = Debug|Any CPU
		{B27A35F0-D361-4F0E-95B1-19586FCB6BE8}.Debug|Any CPU.Build.0 = Debug|Any CPU
		{B27A35F0-D361-4F0E-95B1-19586FCB6BE8}.Release|Any CPU.ActiveCfg = Release|Any CPU
		{B27A35F0-D361-4F0E-95B1-19586FCB6BE8}.Release|Any CPU.Build.0 = Release|Any CPU
	EndGlobalSection
	GlobalSection(SolutionProperties) = preSolution
		HideSolutionNode = FALSE
	EndGlobalSection
	GlobalSection(ExtensibilityGlobals) = postSolution
		SolutionGuid = {D4EE065D-7010-4DC6-8BCA-16B4CB0D18D8}
	EndGlobalSection
EndGlobal
